
Microsoft Visual Studio Solution File, Format Version 12.00
# Visual Studio Version 17
VisualStudioVersion = 17.3.32825.248
MinimumVisualStudioVersion = 10.0.40219.1
Project("{FAE04EC0-301F-11D3-BF4B-00C04F79EFBC}") = "CleanArchitecture.ConsoleApp", "CleanArchitecture.ConsoleApp\CleanArchitecture.ConsoleApp.csproj", "{F81604BE-FA44-4D7A-9B6C-76F950964880}"
EndProject
Project("{FAE04EC0-301F-11D3-BF4B-00C04F79EFBC}") = "CleanArchitecture.Data", "CleanArchitecture.Data\CleanArchitecture.Data.csproj", "{0E6C835A-662A-48F1-801B-AF7E984C0CB6}"
EndProject
Project("{FAE04EC0-301F-11D3-BF4B-00C04F79EFBC}") = "CleanArchitecture.Domian", "CleanArchitecture.Domian\CleanArchitecture.Domian.csproj", "{8FD17266-ADFC-4ABE-9FF3-13E5203270D1}"
EndProject
Global
	GlobalSection(SolutionConfigurationPlatforms) = preSolution
		Debug|Any CPU = Debug|Any CPU
		Release|Any CPU = Release|Any CPU
	EndGlobalSection
	GlobalSection(ProjectConfigurationPlatforms) = postSolution
		{F81604BE-FA44-4D7A-9B6C-76F950964880}.Debug|Any CPU.ActiveCfg = Debug|Any CPU
		{F81604BE-FA44-4D7A-9B6C-76F950964880}.Debug|Any CPU.Build.0 = Debug|Any CPU
		{F81604BE-FA44-4D7A-9B6C-76F950964880}.Release|Any CPU.ActiveCfg = Release|Any CPU
		{F81604BE-FA44-4D7A-9B6C-76F950964880}.Release|Any CPU.Build.0 = Release|Any CPU
		{0E6C835A-662A-48F1-801B-AF7E984C0CB6}.Debug|Any CPU.ActiveCfg = Debug|Any CPU
		{0E6C835A-662A-48F1-801B-AF7E984C0CB6}.Debug|Any CPU.Build.0 = Debug|Any CPU
		{0E6C835A-662A-48F1-801B-AF7E984C0CB6}.Release|Any CPU.ActiveCfg = Release|Any CPU
		{0E6C835A-662A-48F1-801B-AF7E984C0CB6}.Release|Any CPU.Build.0 = Release|Any CPU
		{8FD17266-ADFC-4ABE-9FF3-13E5203270D1}.Debug|Any CPU.ActiveCfg = Debug|Any CPU
		{8FD17266-ADFC-4ABE-9FF3-13E5203270D1}.Debug|Any CPU.Build.0 = Debug|Any CPU
		{8FD17266-ADFC-4ABE-9FF3-13E5203270D1}.Release|Any CPU.ActiveCfg = Release|Any CPU
		{8FD17266-ADFC-4ABE-9FF3-13E5203270D1}.Release|Any CPU.Build.0 = Release|Any CPU
	EndGlobalSection
	GlobalSection(SolutionProperties) = preSolution
		HideSolutionNode = FALSE
	EndGlobalSection
	GlobalSection(ExtensibilityGlobals) = postSolution
		SolutionGuid = {9B3B349A-8964-4CAE-B626-70D7EBDA7741}
	EndGlobalSection
EndGlobal
